
Microsoft Visual Studio Solution File, Format Version 12.00
# Visual Studio Version 17
VisualStudioVersion = 17.5.33516.290
MinimumVisualStudioVersion = 10.0.40219.1
Project("{FAE04EC0-301F-11D3-BF4B-00C04F79EFBC}") = "Collections", "Collections\Collections.csproj", "{8D53CEBA-D9B8-4F44-9A5A-C6BFD5E4691C}"
EndProject
Global
	GlobalSection(SolutionConfigurationPlatforms) = preSolution
		Debug|Any CPU = Debug|Any CPU
		Release|Any CPU = Release|Any CPU
	EndGlobalSection
	GlobalSection(ProjectConfigurationPlatforms) = postSolution
		{8D53CEBA-D9B8-4F44-9A5A-C6BFD5E4691C}.Debug|Any CPU.ActiveCfg = Debug|Any CPU
		{8D53CEBA-D9B8-4F44-9A5A-C6BFD5E4691C}.Debug|Any CPU.Build.0 = Debug|Any CPU
		{8D53CEBA-D9B8-4F44-9A5A-C6BFD5E4691C}.Release|Any CPU.ActiveCfg = Release|Any CPU
		{8D53CEBA-D9B8-4F44-9A5A-C6BFD5E4691C}.Release|Any CPU.Build.0 = Release|Any CPU
	EndGlobalSection
	GlobalSection(SolutionProperties) = preSolution
		HideSolutionNode = FALSE
	EndGlobalSection
	GlobalSection(ExtensibilityGlobals) = postSolution
		SolutionGuid = {B874FDD5-73BD-41AD-A463-6B91FC4A9165}
	EndGlobalSection
EndGlobal
